
Microsoft Visual Studio Solution File, Format Version 12.00
# Visual Studio Version 16
VisualStudioVersion = 16.0.31205.134
MinimumVisualStudioVersion = 10.0.40219.1
Project("{2150E333-8FDC-42A3-9474-1A3956D46DE8}") = "Solution Items", "Solution Items", "{33ACE502-7FCE-473B-A06E-E0E5FA1AF28C}"
	ProjectSection(SolutionItems) = preProject
		Agenda.md = Agenda.md
	EndProjectSection
EndProject
Project("{2150E333-8FDC-42A3-9474-1A3956D46DE8}") = "Tag1", "Tag1", "{F8DC7089-6F29-40EE-9D13-4E26B37FB6E4}"
EndProject
Project("{2150E333-8FDC-42A3-9474-1A3956D46DE8}") = "DI", "DI", "{9F6B5CE2-DD32-4D32-9FDF-811A853FDCB2}"
EndProject
Project("{9A19103F-16F7-4668-BE54-9A1E7A4F7556}") = "DependencyInjectionIntroSample", "DependencyInjectionIntroSample\DependencyInjectionIntroSample.csproj", "{E730FEBD-FFD6-4883-AC00-9FBE8BE78783}"
EndProject
Project("{9A19103F-16F7-4668-BE54-9A1E7A4F7556}") = "DISampleMVC", "DISampleMVC\DISampleMVC.csproj", "{97591420-C8AE-438E-92AE-C6A44C406079}"
EndProject
Project("{9A19103F-16F7-4668-BE54-9A1E7A4F7556}") = "ServiceCollectionServiceProviderExample", "ServiceCollectionServiceProviderExample\ServiceCollectionServiceProviderExample.csproj", "{9DC7E7D1-CB78-48B2-8130-77B6D5688BEE}"
EndProject
Project("{9A19103F-16F7-4668-BE54-9A1E7A4F7556}") = "DIScopeVsTransientVsSingletonSample", "DIScopeVsTransientVsSingletonSample\DIScopeVsTransientVsSingletonSample.csproj", "{E816B512-10BE-496A-9C0A-F057A9DC26E0}"
EndProject
Project("{2150E333-8FDC-42A3-9474-1A3956D46DE8}") = "MVC", "MVC", "{F3F830F0-56A6-4A57-B14B-B75E22CE7E23}"
EndProject
Project("{9A19103F-16F7-4668-BE54-9A1E7A4F7556}") = "MVCIntroductionSample", "MVCIntroductionSample\MVCIntroductionSample.csproj", "{A8C681E4-1F53-43B3-A07A-AAC7E881DE56}"
EndProject
Project("{2150E333-8FDC-42A3-9474-1A3956D46DE8}") = "Tag2", "Tag2", "{6F7BAF37-26EB-4B03-BE9F-79F082C89159}"
EndProject
Project("{2150E333-8FDC-42A3-9474-1A3956D46DE8}") = "Middleware", "Middleware", "{858212EC-60E0-4EED-AD11-3374B84E493D}"
EndProject
Project("{9A19103F-16F7-4668-BE54-9A1E7A4F7556}") = "MiddlewareMVC", "MiddlewareMVC\MiddlewareMVC.csproj", "{56CA6087-8626-44C3-AA81-AE8AAA2CB2DA}"
EndProject
Project("{2150E333-8FDC-42A3-9474-1A3956D46DE8}") = "EFCoreWithMVC", "EFCoreWithMVC", "{7870F057-1236-4FB9-815E-30EA5BC4C3FA}"
EndProject
Project("{9A19103F-16F7-4668-BE54-9A1E7A4F7556}") = "EFCoreWithMVC", "EFCoreWithMVC\EFCoreWithMVC.csproj", "{C5299E87-6D78-421D-9CD9-83F18BF5A53F}"
EndProject
Project("{9A19103F-16F7-4668-BE54-9A1E7A4F7556}") = "MVCWithViewModelsAndEFCore", "MVCWithViewModelsAndEFCore\MVCWithViewModelsAndEFCore.csproj", "{DEE3838C-7101-4C58-9549-DF011BB152F5}"
EndProject
Project("{9A19103F-16F7-4668-BE54-9A1E7A4F7556}") = "LocalizationCultureSampe1", "Beispiel3_DataAnnotations\Sample\LocalizationCultureSampe1\LocalizationCultureSampe1.csproj", "{2421479F-17F2-47E7-932B-C655B00B07C5}"
EndProject
Project("{2150E333-8FDC-42A3-9474-1A3956D46DE8}") = "Tag3", "Tag3", "{0C0A0BFB-A1F7-441E-A6ED-6E6B24EA55E5}"
EndProject
Project("{2150E333-8FDC-42A3-9474-1A3956D46DE8}") = "CustomizeMiddleware", "CustomizeMiddleware", "{64CE439C-A3B9-4BAB-8F12-44A785666F1A}"
EndProject
Project("{FAE04EC0-301F-11D3-BF4B-00C04F79EFBC}") = "CustomizeMiddlewareSample", "CustomizeMiddlewareSample\CustomizeMiddlewareSample.csproj", "{1D3D1C0C-A80C-4CE0-9A05-2E743A0080C6}"
EndProject
Project("{2150E333-8FDC-42A3-9474-1A3956D46DE8}") = "StateManagement", "StateManagement", "{DFFABB51-0F05-4D09-9BFF-87C1A72E467D}"
EndProject
Project("{FAE04EC0-301F-11D3-BF4B-00C04F79EFBC}") = "StateManagementSamples", "StateManagementSamples\StateManagementSamples.csproj", "{779AD30A-7BDE-4D79-B91E-C60274606320}"
EndProject
Project("{2150E333-8FDC-42A3-9474-1A3956D46DE8}") = "Routing", "Routing", "{E670A604-3147-4223-B391-4E0D8DC296AE}"
EndProject
Project("{FAE04EC0-301F-11D3-BF4B-00C04F79EFBC}") = "RoutingSample", "RoutingSample\RoutingSample.csproj", "{AA3AE230-B143-4738-8FBB-66B3B5220500}"
EndProject
Global
	GlobalSection(SolutionConfigurationPlatforms) = preSolution
		Debug|Any CPU = Debug|Any CPU
		Release|Any CPU = Release|Any CPU
	EndGlobalSection
	GlobalSection(ProjectConfigurationPlatforms) = postSolution
		{E730FEBD-FFD6-4883-AC00-9FBE8BE78783}.Debug|Any CPU.ActiveCfg = Debug|Any CPU
		{E730FEBD-FFD6-4883-AC00-9FBE8BE78783}.Debug|Any CPU.Build.0 = Debug|Any CPU
		{E730FEBD-FFD6-4883-AC00-9FBE8BE78783}.Release|Any CPU.ActiveCfg = Release|Any CPU
		{E730FEBD-FFD6-4883-AC00-9FBE8BE78783}.Release|Any CPU.Build.0 = Release|Any CPU
		{97591420-C8AE-438E-92AE-C6A44C406079}.Debug|Any CPU.ActiveCfg = Debug|Any CPU
		{97591420-C8AE-438E-92AE-C6A44C406079}.Debug|Any CPU.Build.0 = Debug|Any CPU
		{97591420-C8AE-438E-92AE-C6A44C406079}.Release|Any CPU.ActiveCfg = Release|Any CPU
		{97591420-C8AE-438E-92AE-C6A44C406079}.Release|Any CPU.Build.0 = Release|Any CPU
		{9DC7E7D1-CB78-48B2-8130-77B6D5688BEE}.Debug|Any CPU.ActiveCfg = Debug|Any CPU
		{9DC7E7D1-CB78-48B2-8130-77B6D5688BEE}.Debug|Any CPU.Build.0 = Debug|Any CPU
		{9DC7E7D1-CB78-48B2-8130-77B6D5688BEE}.Release|Any CPU.ActiveCfg = Release|Any CPU
		{9DC7E7D1-CB78-48B2-8130-77B6D5688BEE}.Release|Any CPU.Build.0 = Release|Any CPU
		{E816B512-10BE-496A-9C0A-F057A9DC26E0}.Debug|Any CPU.ActiveCfg = Debug|Any CPU
		{E816B512-10BE-496A-9C0A-F057A9DC26E0}.Debug|Any CPU.Build.0 = Debug|Any CPU
		{E816B512-10BE-496A-9C0A-F057A9DC26E0}.Release|Any CPU.ActiveCfg = Release|Any CPU
		{E816B512-10BE-496A-9C0A-F057A9DC26E0}.Release|Any CPU.Build.0 = Release|Any CPU
		{A8C681E4-1F53-43B3-A07A-AAC7E881DE56}.Debug|Any CPU.ActiveCfg = Debug|Any CPU
		{A8C681E4-1F53-43B3-A07A-AAC7E881DE56}.Debug|Any CPU.Build.0 = Debug|Any CPU
		{A8C681E4-1F53-43B3-A07A-AAC7E881DE56}.Release|Any CPU.ActiveCfg = Release|Any CPU
		{A8C681E4-1F53-43B3-A07A-AAC7E881DE56}.Release|Any CPU.Build.0 = Release|Any CPU
		{56CA6087-8626-44C3-AA81-AE8AAA2CB2DA}.Debug|Any CPU.ActiveCfg = Debug|Any CPU
		{56CA6087-8626-44C3-AA81-AE8AAA2CB2DA}.Debug|Any CPU.Build.0 = Debug|Any CPU
		{56CA6087-8626-44C3-AA81-AE8AAA2CB2DA}.Release|Any CPU.ActiveCfg = Release|Any CPU
		{56CA6087-8626-44C3-AA81-AE8AAA2CB2DA}.Release|Any CPU.Build.0 = Release|Any CPU
		{C5299E87-6D78-421D-9CD9-83F18BF5A53F}.Debug|Any CPU.ActiveCfg = Debug|Any CPU
		{C5299E87-6D78-421D-9CD9-83F18BF5A53F}.Debug|Any CPU.Build.0 = Debug|Any CPU
		{C5299E87-6D78-421D-9CD9-83F18BF5A53F}.Release|Any CPU.ActiveCfg = Release|Any CPU
		{C5299E87-6D78-421D-9CD9-83F18BF5A53F}.Release|Any CPU.Build.0 = Release|Any CPU
		{DEE3838C-7101-4C58-9549-DF011BB152F5}.Debug|Any CPU.ActiveCfg = Debug|Any CPU
		{DEE3838C-7101-4C58-9549-DF011BB152F5}.Debug|Any CPU.Build.0 = Debug|Any CPU
		{DEE3838C-7101-4C58-9549-DF011BB152F5}.Release|Any CPU.ActiveCfg = Release|Any CPU
		{DEE3838C-7101-4C58-9549-DF011BB152F5}.Release|Any CPU.Build.0 = Release|Any CPU
		{2421479F-17F2-47E7-932B-C655B00B07C5}.Debug|Any CPU.ActiveCfg = Debug|Any CPU
		{2421479F-17F2-47E7-932B-C655B00B07C5}.Debug|Any CPU.Build.0 = Debug|Any CPU
		{2421479F-17F2-47E7-932B-C655B00B07C5}.Release|Any CPU.ActiveCfg = Release|Any CPU
		{2421479F-17F2-47E7-932B-C655B00B07C5}.Release|Any CPU.Build.0 = Release|Any CPU
		{1D3D1C0C-A80C-4CE0-9A05-2E743A0080C6}.Debug|Any CPU.ActiveCfg = Debug|Any CPU
		{1D3D1C0C-A80C-4CE0-9A05-2E743A0080C6}.Debug|Any CPU.Build.0 = Debug|Any CPU
		{1D3D1C0C-A80C-4CE0-9A05-2E743A0080C6}.Release|Any CPU.ActiveCfg = Release|Any CPU
		{1D3D1C0C-A80C-4CE0-9A05-2E743A0080C6}.Release|Any CPU.Build.0 = Release|Any CPU
		{779AD30A-7BDE-4D79-B91E-C60274606320}.Debug|Any CPU.ActiveCfg = Debug|Any CPU
		{779AD30A-7BDE-4D79-B91E-C60274606320}.Debug|Any CPU.Build.0 = Debug|Any CPU
		{779AD30A-7BDE-4D79-B91E-C60274606320}.Release|Any CPU.ActiveCfg = Release|Any CPU
		{779AD30A-7BDE-4D79-B91E-C60274606320}.Release|Any CPU.Build.0 = Release|Any CPU
		{AA3AE230-B143-4738-8FBB-66B3B5220500}.Debug|Any CPU.ActiveCfg = Debug|Any CPU
		{AA3AE230-B143-4738-8FBB-66B3B5220500}.Debug|Any CPU.Build.0 = Debug|Any CPU
		{AA3AE230-B143-4738-8FBB-66B3B5220500}.Release|Any CPU.ActiveCfg = Release|Any CPU
		{AA3AE230-B143-4738-8FBB-66B3B5220500}.Release|Any CPU.Build.0 = Release|Any CPU
	EndGlobalSection
	GlobalSection(SolutionProperties) = preSolution
		HideSolutionNode = FALSE
	EndGlobalSection
	GlobalSection(NestedProjects) = preSolution
		{9F6B5CE2-DD32-4D32-9FDF-811A853FDCB2} = {F8DC7089-6F29-40EE-9D13-4E26B37FB6E4}
		{E730FEBD-FFD6-4883-AC00-9FBE8BE78783} = {9F6B5CE2-DD32-4D32-9FDF-811A853FDCB2}
		{97591420-C8AE-438E-92AE-C6A44C406079} = {9F6B5CE2-DD32-4D32-9FDF-811A853FDCB2}
		{9DC7E7D1-CB78-48B2-8130-77B6D5688BEE} = {9F6B5CE2-DD32-4D32-9FDF-811A853FDCB2}
		{E816B512-10BE-496A-9C0A-F057A9DC26E0} = {9F6B5CE2-DD32-4D32-9FDF-811A853FDCB2}
		{F3F830F0-56A6-4A57-B14B-B75E22CE7E23} = {F8DC7089-6F29-40EE-9D13-4E26B37FB6E4}
		{A8C681E4-1F53-43B3-A07A-AAC7E881DE56} = {F3F830F0-56A6-4A57-B14B-B75E22CE7E23}
		{858212EC-60E0-4EED-AD11-3374B84E493D} = {6F7BAF37-26EB-4B03-BE9F-79F082C89159}
		{56CA6087-8626-44C3-AA81-AE8AAA2CB2DA} = {858212EC-60E0-4EED-AD11-3374B84E493D}
		{7870F057-1236-4FB9-815E-30EA5BC4C3FA} = {6F7BAF37-26EB-4B03-BE9F-79F082C89159}
		{C5299E87-6D78-421D-9CD9-83F18BF5A53F} = {7870F057-1236-4FB9-815E-30EA5BC4C3FA}
		{DEE3838C-7101-4C58-9549-DF011BB152F5} = {6F7BAF37-26EB-4B03-BE9F-79F082C89159}
		{2421479F-17F2-47E7-932B-C655B00B07C5} = {6F7BAF37-26EB-4B03-BE9F-79F082C89159}
		{64CE439C-A3B9-4BAB-8F12-44A785666F1A} = {0C0A0BFB-A1F7-441E-A6ED-6E6B24EA55E5}
		{1D3D1C0C-A80C-4CE0-9A05-2E743A0080C6} = {64CE439C-A3B9-4BAB-8F12-44A785666F1A}
		{DFFABB51-0F05-4D09-9BFF-87C1A72E467D} = {0C0A0BFB-A1F7-441E-A6ED-6E6B24EA55E5}
		{779AD30A-7BDE-4D79-B91E-C60274606320} = {DFFABB51-0F05-4D09-9BFF-87C1A72E467D}
		{E670A604-3147-4223-B391-4E0D8DC296AE} = {0C0A0BFB-A1F7-441E-A6ED-6E6B24EA55E5}
		{AA3AE230-B143-4738-8FBB-66B3B5220500} = {E670A604-3147-4223-B391-4E0D8DC296AE}
	EndGlobalSection
	GlobalSection(ExtensibilityGlobals) = postSolution
		SolutionGuid = {7619BFB6-170C-40CE-B256-0CC157AAE4C7}
	EndGlobalSection
EndGlobal
